
Microsoft Visual Studio Solution File, Format Version 12.00
# Visual Studio Version 17
VisualStudioVersion = 17.3.32922.545
MinimumVisualStudioVersion = 10.0.40219.1
Project("{FAE04EC0-301F-11D3-BF4B-00C04F79EFBC}") = "ProductMicroservice", "ProductMicroservice\ProductMicroservice.csproj", "{42291C88-025B-4101-80C4-7D8D7BC69CF7}"
EndProject
Global
	GlobalSection(SolutionConfigurationPlatforms) = preSolution
		Debug|Any CPU = Debug|Any CPU
		Release|Any CPU = Release|Any CPU
	EndGlobalSection
	GlobalSection(ProjectConfigurationPlatforms) = postSolution
		{42291C88-025B-4101-80C4-7D8D7BC69CF7}.Debug|Any CPU.ActiveCfg = Debug|Any CPU
		{42291C88-025B-4101-80C4-7D8D7BC69CF7}.Debug|Any CPU.Build.0 = Debug|Any CPU
		{42291C88-025B-4101-80C4-7D8D7BC69CF7}.Release|Any CPU.ActiveCfg = Release|Any CPU
		{42291C88-025B-4101-80C4-7D8D7BC69CF7}.Release|Any CPU.Build.0 = Release|Any CPU
	EndGlobalSection
	GlobalSection(SolutionProperties) = preSolution
		HideSolutionNode = FALSE
	EndGlobalSection
	GlobalSection(ExtensibilityGlobals) = postSolution
		SolutionGuid = {DBC8237D-F6C4-434E-A81A-F71BB85C8CB2}
	EndGlobalSection
EndGlobal
